
Microsoft Visual Studio Solution File, Format Version 12.00
# Visual Studio Version 17
VisualStudioVersion = 17.1.32421.90
MinimumVisualStudioVersion = 10.0.40219.1
Project("{FAE04EC0-301F-11D3-BF4B-00C04F79EFBC}") = "AppMvcBasica", "AppMvcBasica.csproj", "{B50ED2BF-0DE8-4F99-892C-4471B86C7B24}"
EndProject
Global
	GlobalSection(SolutionConfigurationPlatforms) = preSolution
		Debug|Any CPU = Debug|Any CPU
		Release|Any CPU = Release|Any CPU
	EndGlobalSection
	GlobalSection(ProjectConfigurationPlatforms) = postSolution
		{B50ED2BF-0DE8-4F99-892C-4471B86C7B24}.Debug|Any CPU.ActiveCfg = Debug|Any CPU
		{B50ED2BF-0DE8-4F99-892C-4471B86C7B24}.Debug|Any CPU.Build.0 = Debug|Any CPU
		{B50ED2BF-0DE8-4F99-892C-4471B86C7B24}.Release|Any CPU.ActiveCfg = Release|Any CPU
		{B50ED2BF-0DE8-4F99-892C-4471B86C7B24}.Release|Any CPU.Build.0 = Release|Any CPU
	EndGlobalSection
	GlobalSection(SolutionProperties) = preSolution
		HideSolutionNode = FALSE
	EndGlobalSection
	GlobalSection(ExtensibilityGlobals) = postSolution
		SolutionGuid = {E6094B1D-A424-4E33-9047-EF1F62FE96FA}
	EndGlobalSection
EndGlobal
